
Microsoft Visual Studio Solution File, Format Version 12.00
Project("{FAE04EC0-301F-11D3-BF4B-00C04F79EFBC}") = "Ui.Wpf", "Shapes\Sources\Ui.Wpf\Ui.Wpf.csproj", "{A337EE1A-D9BC-40B6-9A9A-05A9179A0E27}"
EndProject
Project("{FAE04EC0-301F-11D3-BF4B-00C04F79EFBC}") = "Randomizer", "Shapes\Sources\Randomizer\Randomizer.csproj", "{6E5C4F56-76AE-4C53-BFE5-90EC22DA045D}"
EndProject
Project("{FAE04EC0-301F-11D3-BF4B-00C04F79EFBC}") = "Common", "Shapes\Sources\Common\Common.csproj", "{F5E54360-D790-4077-BD63-201E1F704F26}"
EndProject
Project("{2150E333-8FDC-42A3-9474-1A3956D46DE8}") = "Sources", "Sources", "{B74D53A0-6E41-413A-B4E4-C84B88BACB79}"
EndProject
Project("{2150E333-8FDC-42A3-9474-1A3956D46DE8}") = "Tests", "Tests", "{CBCAA36B-0200-45F7-8FB5-04E9640FF658}"
EndProject
Project("{FAE04EC0-301F-11D3-BF4B-00C04F79EFBC}") = "Shapes.Tests", "Shapes\Tests\Ui.Wpf\Ui.Wpf.Tests.csproj", "{1886C692-5F43-4ED9-8386-C8CFBB2CC90B}"
EndProject
Project("{2150E333-8FDC-42A3-9474-1A3956D46DE8}") = "Shapes", "Shapes", "{134A30A6-BC05-4B6D-8FAF-1E2AED29BD62}"
EndProject
Project("{FAE04EC0-301F-11D3-BF4B-00C04F79EFBC}") = "Services", "Shapes\Services\Services.csproj", "{8389157A-A4CF-4068-9C92-CEC89C64F3E6}"
EndProject
Global
	GlobalSection(SolutionConfigurationPlatforms) = preSolution
		Debug|Any CPU = Debug|Any CPU
		Release|Any CPU = Release|Any CPU
	EndGlobalSection
	GlobalSection(ProjectConfigurationPlatforms) = postSolution
		{A337EE1A-D9BC-40B6-9A9A-05A9179A0E27}.Debug|Any CPU.ActiveCfg = Debug|Any CPU
		{A337EE1A-D9BC-40B6-9A9A-05A9179A0E27}.Debug|Any CPU.Build.0 = Debug|Any CPU
		{A337EE1A-D9BC-40B6-9A9A-05A9179A0E27}.Release|Any CPU.ActiveCfg = Release|Any CPU
		{A337EE1A-D9BC-40B6-9A9A-05A9179A0E27}.Release|Any CPU.Build.0 = Release|Any CPU
		{6E5C4F56-76AE-4C53-BFE5-90EC22DA045D}.Debug|Any CPU.ActiveCfg = Debug|Any CPU
		{6E5C4F56-76AE-4C53-BFE5-90EC22DA045D}.Debug|Any CPU.Build.0 = Debug|Any CPU
		{6E5C4F56-76AE-4C53-BFE5-90EC22DA045D}.Release|Any CPU.ActiveCfg = Release|Any CPU
		{6E5C4F56-76AE-4C53-BFE5-90EC22DA045D}.Release|Any CPU.Build.0 = Release|Any CPU
		{F5E54360-D790-4077-BD63-201E1F704F26}.Debug|Any CPU.ActiveCfg = Debug|Any CPU
		{F5E54360-D790-4077-BD63-201E1F704F26}.Debug|Any CPU.Build.0 = Debug|Any CPU
		{F5E54360-D790-4077-BD63-201E1F704F26}.Release|Any CPU.ActiveCfg = Release|Any CPU
		{F5E54360-D790-4077-BD63-201E1F704F26}.Release|Any CPU.Build.0 = Release|Any CPU
		{1886C692-5F43-4ED9-8386-C8CFBB2CC90B}.Debug|Any CPU.ActiveCfg = Debug|Any CPU
		{1886C692-5F43-4ED9-8386-C8CFBB2CC90B}.Debug|Any CPU.Build.0 = Debug|Any CPU
		{1886C692-5F43-4ED9-8386-C8CFBB2CC90B}.Release|Any CPU.ActiveCfg = Release|Any CPU
		{1886C692-5F43-4ED9-8386-C8CFBB2CC90B}.Release|Any CPU.Build.0 = Release|Any CPU
		{8389157A-A4CF-4068-9C92-CEC89C64F3E6}.Debug|Any CPU.ActiveCfg = Debug|Any CPU
		{8389157A-A4CF-4068-9C92-CEC89C64F3E6}.Debug|Any CPU.Build.0 = Debug|Any CPU
		{8389157A-A4CF-4068-9C92-CEC89C64F3E6}.Release|Any CPU.ActiveCfg = Release|Any CPU
		{8389157A-A4CF-4068-9C92-CEC89C64F3E6}.Release|Any CPU.Build.0 = Release|Any CPU
	EndGlobalSection
	GlobalSection(NestedProjects) = preSolution
		{F5E54360-D790-4077-BD63-201E1F704F26} = {B74D53A0-6E41-413A-B4E4-C84B88BACB79}
		{6E5C4F56-76AE-4C53-BFE5-90EC22DA045D} = {B74D53A0-6E41-413A-B4E4-C84B88BACB79}
		{A337EE1A-D9BC-40B6-9A9A-05A9179A0E27} = {B74D53A0-6E41-413A-B4E4-C84B88BACB79}
		{1886C692-5F43-4ED9-8386-C8CFBB2CC90B} = {CBCAA36B-0200-45F7-8FB5-04E9640FF658}
		{B74D53A0-6E41-413A-B4E4-C84B88BACB79} = {134A30A6-BC05-4B6D-8FAF-1E2AED29BD62}
		{CBCAA36B-0200-45F7-8FB5-04E9640FF658} = {134A30A6-BC05-4B6D-8FAF-1E2AED29BD62}
		{8389157A-A4CF-4068-9C92-CEC89C64F3E6} = {B74D53A0-6E41-413A-B4E4-C84B88BACB79}
	EndGlobalSection
EndGlobal
