
Microsoft Visual Studio Solution File, Format Version 12.00
# Visual Studio Version 17
VisualStudioVersion = 17.9.34723.18
MinimumVisualStudioVersion = 10.0.40219.1
Project("{9A19103F-16F7-4668-BE54-9A1E7A4F7556}") = "Ui.Wpf", "Shapes\Sources\Ui.Wpf\Ui.Wpf.csproj", "{A337EE1A-D9BC-40B6-9A9A-05A9179A0E27}"
EndProject
Project("{9A19103F-16F7-4668-BE54-9A1E7A4F7556}") = "Randomizer", "Shapes\Sources\Randomizer\Randomizer.csproj", "{6E5C4F56-76AE-4C53-BFE5-90EC22DA045D}"
EndProject
Project("{9A19103F-16F7-4668-BE54-9A1E7A4F7556}") = "Common", "Shapes\Sources\Common\Common.csproj", "{F5E54360-D790-4077-BD63-201E1F704F26}"
EndProject
Project("{2150E333-8FDC-42A3-9474-1A3956D46DE8}") = "Sources", "Sources", "{B74D53A0-6E41-413A-B4E4-C84B88BACB79}"
EndProject
Project("{2150E333-8FDC-42A3-9474-1A3956D46DE8}") = "Tests", "Tests", "{CBCAA36B-0200-45F7-8FB5-04E9640FF658}"
EndProject
Project("{9A19103F-16F7-4668-BE54-9A1E7A4F7556}") = "Ui.Wpf.Tests", "Shapes\Tests\Ui.Wpf\Ui.Wpf.Tests.csproj", "{1886C692-5F43-4ED9-8386-C8CFBB2CC90B}"
EndProject
Project("{2150E333-8FDC-42A3-9474-1A3956D46DE8}") = "Shapes", "Shapes", "{134A30A6-BC05-4B6D-8FAF-1E2AED29BD62}"
EndProject
Project("{9A19103F-16F7-4668-BE54-9A1E7A4F7556}") = "Services", "Shapes\Sources\Services\Services.csproj", "{8389157A-A4CF-4068-9C92-CEC89C64F3E6}"
EndProject
Project("{2150E333-8FDC-42A3-9474-1A3956D46DE8}") = "MakeshiftLogger", "MakeshiftLogger", "{7B314DF5-1B6B-4CB4-B769-1F76650C2CC9}"
EndProject
Project("{9A19103F-16F7-4668-BE54-9A1E7A4F7556}") = "Logger", "MakeshiftLogger\Logger\Logger.csproj", "{DFA5387D-C993-45FC-923A-DEA19852B36B}"
EndProject
Project("{9A19103F-16F7-4668-BE54-9A1E7A4F7556}") = "Client", "MakeshiftLogger\Client\Client.csproj", "{80CB5DAB-D416-4001-898E-179CC92E63A3}"
EndProject
Project("{2150E333-8FDC-42A3-9474-1A3956D46DE8}") = "Solution Items", "Solution Items", "{4463E4F2-B21C-4E34-A664-57A1C339CBBE}"
	ProjectSection(SolutionItems) = preProject
		.editorconfig = .editorconfig
		Directory.Build.props = Directory.Build.props
	EndProjectSection
EndProject
Global
	GlobalSection(SolutionConfigurationPlatforms) = preSolution
		Debug|Any CPU = Debug|Any CPU
		Debug|ARM = Debug|ARM
		Debug|ARM64 = Debug|ARM64
		Debug|x64 = Debug|x64
		Debug|x86 = Debug|x86
		Release|Any CPU = Release|Any CPU
		Release|ARM = Release|ARM
		Release|ARM64 = Release|ARM64
		Release|x64 = Release|x64
		Release|x86 = Release|x86
	EndGlobalSection
	GlobalSection(ProjectConfigurationPlatforms) = postSolution
		{A337EE1A-D9BC-40B6-9A9A-05A9179A0E27}.Debug|Any CPU.ActiveCfg = Debug|Any CPU
		{A337EE1A-D9BC-40B6-9A9A-05A9179A0E27}.Debug|Any CPU.Build.0 = Debug|Any CPU
		{A337EE1A-D9BC-40B6-9A9A-05A9179A0E27}.Debug|ARM.ActiveCfg = Debug|Any CPU
		{A337EE1A-D9BC-40B6-9A9A-05A9179A0E27}.Debug|ARM.Build.0 = Debug|Any CPU
		{A337EE1A-D9BC-40B6-9A9A-05A9179A0E27}.Debug|ARM64.ActiveCfg = Debug|Any CPU
		{A337EE1A-D9BC-40B6-9A9A-05A9179A0E27}.Debug|ARM64.Build.0 = Debug|Any CPU
		{A337EE1A-D9BC-40B6-9A9A-05A9179A0E27}.Debug|x64.ActiveCfg = Debug|Any CPU
		{A337EE1A-D9BC-40B6-9A9A-05A9179A0E27}.Debug|x64.Build.0 = Debug|Any CPU
		{A337EE1A-D9BC-40B6-9A9A-05A9179A0E27}.Debug|x86.ActiveCfg = Debug|Any CPU
		{A337EE1A-D9BC-40B6-9A9A-05A9179A0E27}.Debug|x86.Build.0 = Debug|Any CPU
		{A337EE1A-D9BC-40B6-9A9A-05A9179A0E27}.Release|Any CPU.ActiveCfg = Release|Any CPU
		{A337EE1A-D9BC-40B6-9A9A-05A9179A0E27}.Release|Any CPU.Build.0 = Release|Any CPU
		{A337EE1A-D9BC-40B6-9A9A-05A9179A0E27}.Release|ARM.ActiveCfg = Release|Any CPU
		{A337EE1A-D9BC-40B6-9A9A-05A9179A0E27}.Release|ARM.Build.0 = Release|Any CPU
		{A337EE1A-D9BC-40B6-9A9A-05A9179A0E27}.Release|ARM64.ActiveCfg = Release|Any CPU
		{A337EE1A-D9BC-40B6-9A9A-05A9179A0E27}.Release|ARM64.Build.0 = Release|Any CPU
		{A337EE1A-D9BC-40B6-9A9A-05A9179A0E27}.Release|x64.ActiveCfg = Release|Any CPU
		{A337EE1A-D9BC-40B6-9A9A-05A9179A0E27}.Release|x64.Build.0 = Release|Any CPU
		{A337EE1A-D9BC-40B6-9A9A-05A9179A0E27}.Release|x86.ActiveCfg = Release|Any CPU
		{A337EE1A-D9BC-40B6-9A9A-05A9179A0E27}.Release|x86.Build.0 = Release|Any CPU
		{6E5C4F56-76AE-4C53-BFE5-90EC22DA045D}.Debug|Any CPU.ActiveCfg = Debug|Any CPU
		{6E5C4F56-76AE-4C53-BFE5-90EC22DA045D}.Debug|Any CPU.Build.0 = Debug|Any CPU
		{6E5C4F56-76AE-4C53-BFE5-90EC22DA045D}.Debug|ARM.ActiveCfg = Debug|Any CPU
		{6E5C4F56-76AE-4C53-BFE5-90EC22DA045D}.Debug|ARM.Build.0 = Debug|Any CPU
		{6E5C4F56-76AE-4C53-BFE5-90EC22DA045D}.Debug|ARM64.ActiveCfg = Debug|Any CPU
		{6E5C4F56-76AE-4C53-BFE5-90EC22DA045D}.Debug|ARM64.Build.0 = Debug|Any CPU
		{6E5C4F56-76AE-4C53-BFE5-90EC22DA045D}.Debug|x64.ActiveCfg = Debug|Any CPU
		{6E5C4F56-76AE-4C53-BFE5-90EC22DA045D}.Debug|x64.Build.0 = Debug|Any CPU
		{6E5C4F56-76AE-4C53-BFE5-90EC22DA045D}.Debug|x86.ActiveCfg = Debug|Any CPU
		{6E5C4F56-76AE-4C53-BFE5-90EC22DA045D}.Debug|x86.Build.0 = Debug|Any CPU
		{6E5C4F56-76AE-4C53-BFE5-90EC22DA045D}.Release|Any CPU.ActiveCfg = Release|Any CPU
		{6E5C4F56-76AE-4C53-BFE5-90EC22DA045D}.Release|Any CPU.Build.0 = Release|Any CPU
		{6E5C4F56-76AE-4C53-BFE5-90EC22DA045D}.Release|ARM.ActiveCfg = Release|Any CPU
		{6E5C4F56-76AE-4C53-BFE5-90EC22DA045D}.Release|ARM.Build.0 = Release|Any CPU
		{6E5C4F56-76AE-4C53-BFE5-90EC22DA045D}.Release|ARM64.ActiveCfg = Release|Any CPU
		{6E5C4F56-76AE-4C53-BFE5-90EC22DA045D}.Release|ARM64.Build.0 = Release|Any CPU
		{6E5C4F56-76AE-4C53-BFE5-90EC22DA045D}.Release|x64.ActiveCfg = Release|Any CPU
		{6E5C4F56-76AE-4C53-BFE5-90EC22DA045D}.Release|x64.Build.0 = Release|Any CPU
		{6E5C4F56-76AE-4C53-BFE5-90EC22DA045D}.Release|x86.ActiveCfg = Release|Any CPU
		{6E5C4F56-76AE-4C53-BFE5-90EC22DA045D}.Release|x86.Build.0 = Release|Any CPU
		{F5E54360-D790-4077-BD63-201E1F704F26}.Debug|Any CPU.ActiveCfg = Debug|Any CPU
		{F5E54360-D790-4077-BD63-201E1F704F26}.Debug|Any CPU.Build.0 = Debug|Any CPU
		{F5E54360-D790-4077-BD63-201E1F704F26}.Debug|ARM.ActiveCfg = Debug|Any CPU
		{F5E54360-D790-4077-BD63-201E1F704F26}.Debug|ARM.Build.0 = Debug|Any CPU
		{F5E54360-D790-4077-BD63-201E1F704F26}.Debug|ARM64.ActiveCfg = Debug|Any CPU
		{F5E54360-D790-4077-BD63-201E1F704F26}.Debug|ARM64.Build.0 = Debug|Any CPU
		{F5E54360-D790-4077-BD63-201E1F704F26}.Debug|x64.ActiveCfg = Debug|Any CPU
		{F5E54360-D790-4077-BD63-201E1F704F26}.Debug|x64.Build.0 = Debug|Any CPU
		{F5E54360-D790-4077-BD63-201E1F704F26}.Debug|x86.ActiveCfg = Debug|Any CPU
		{F5E54360-D790-4077-BD63-201E1F704F26}.Debug|x86.Build.0 = Debug|Any CPU
		{F5E54360-D790-4077-BD63-201E1F704F26}.Release|Any CPU.ActiveCfg = Release|Any CPU
		{F5E54360-D790-4077-BD63-201E1F704F26}.Release|Any CPU.Build.0 = Release|Any CPU
		{F5E54360-D790-4077-BD63-201E1F704F26}.Release|ARM.ActiveCfg = Release|Any CPU
		{F5E54360-D790-4077-BD63-201E1F704F26}.Release|ARM.Build.0 = Release|Any CPU
		{F5E54360-D790-4077-BD63-201E1F704F26}.Release|ARM64.ActiveCfg = Release|Any CPU
		{F5E54360-D790-4077-BD63-201E1F704F26}.Release|ARM64.Build.0 = Release|Any CPU
		{F5E54360-D790-4077-BD63-201E1F704F26}.Release|x64.ActiveCfg = Release|Any CPU
		{F5E54360-D790-4077-BD63-201E1F704F26}.Release|x64.Build.0 = Release|Any CPU
		{F5E54360-D790-4077-BD63-201E1F704F26}.Release|x86.ActiveCfg = Release|Any CPU
		{F5E54360-D790-4077-BD63-201E1F704F26}.Release|x86.Build.0 = Release|Any CPU
		{1886C692-5F43-4ED9-8386-C8CFBB2CC90B}.Debug|Any CPU.ActiveCfg = Debug|Any CPU
		{1886C692-5F43-4ED9-8386-C8CFBB2CC90B}.Debug|Any CPU.Build.0 = Debug|Any CPU
		{1886C692-5F43-4ED9-8386-C8CFBB2CC90B}.Debug|ARM.ActiveCfg = Debug|Any CPU
		{1886C692-5F43-4ED9-8386-C8CFBB2CC90B}.Debug|ARM.Build.0 = Debug|Any CPU
		{1886C692-5F43-4ED9-8386-C8CFBB2CC90B}.Debug|ARM64.ActiveCfg = Debug|Any CPU
		{1886C692-5F43-4ED9-8386-C8CFBB2CC90B}.Debug|ARM64.Build.0 = Debug|Any CPU
		{1886C692-5F43-4ED9-8386-C8CFBB2CC90B}.Debug|x64.ActiveCfg = Debug|Any CPU
		{1886C692-5F43-4ED9-8386-C8CFBB2CC90B}.Debug|x64.Build.0 = Debug|Any CPU
		{1886C692-5F43-4ED9-8386-C8CFBB2CC90B}.Debug|x86.ActiveCfg = Debug|Any CPU
		{1886C692-5F43-4ED9-8386-C8CFBB2CC90B}.Debug|x86.Build.0 = Debug|Any CPU
		{1886C692-5F43-4ED9-8386-C8CFBB2CC90B}.Release|Any CPU.ActiveCfg = Release|Any CPU
		{1886C692-5F43-4ED9-8386-C8CFBB2CC90B}.Release|Any CPU.Build.0 = Release|Any CPU
		{1886C692-5F43-4ED9-8386-C8CFBB2CC90B}.Release|ARM.ActiveCfg = Release|Any CPU
		{1886C692-5F43-4ED9-8386-C8CFBB2CC90B}.Release|ARM.Build.0 = Release|Any CPU
		{1886C692-5F43-4ED9-8386-C8CFBB2CC90B}.Release|ARM64.ActiveCfg = Release|Any CPU
		{1886C692-5F43-4ED9-8386-C8CFBB2CC90B}.Release|ARM64.Build.0 = Release|Any CPU
		{1886C692-5F43-4ED9-8386-C8CFBB2CC90B}.Release|x64.ActiveCfg = Release|Any CPU
		{1886C692-5F43-4ED9-8386-C8CFBB2CC90B}.Release|x64.Build.0 = Release|Any CPU
		{1886C692-5F43-4ED9-8386-C8CFBB2CC90B}.Release|x86.ActiveCfg = Release|Any CPU
		{1886C692-5F43-4ED9-8386-C8CFBB2CC90B}.Release|x86.Build.0 = Release|Any CPU
		{8389157A-A4CF-4068-9C92-CEC89C64F3E6}.Debug|Any CPU.ActiveCfg = Debug|Any CPU
		{8389157A-A4CF-4068-9C92-CEC89C64F3E6}.Debug|Any CPU.Build.0 = Debug|Any CPU
		{8389157A-A4CF-4068-9C92-CEC89C64F3E6}.Debug|ARM.ActiveCfg = Debug|Any CPU
		{8389157A-A4CF-4068-9C92-CEC89C64F3E6}.Debug|ARM.Build.0 = Debug|Any CPU
		{8389157A-A4CF-4068-9C92-CEC89C64F3E6}.Debug|ARM64.ActiveCfg = Debug|Any CPU
		{8389157A-A4CF-4068-9C92-CEC89C64F3E6}.Debug|ARM64.Build.0 = Debug|Any CPU
		{8389157A-A4CF-4068-9C92-CEC89C64F3E6}.Debug|x64.ActiveCfg = Debug|Any CPU
		{8389157A-A4CF-4068-9C92-CEC89C64F3E6}.Debug|x64.Build.0 = Debug|Any CPU
		{8389157A-A4CF-4068-9C92-CEC89C64F3E6}.Debug|x86.ActiveCfg = Debug|Any CPU
		{8389157A-A4CF-4068-9C92-CEC89C64F3E6}.Debug|x86.Build.0 = Debug|Any CPU
		{8389157A-A4CF-4068-9C92-CEC89C64F3E6}.Release|Any CPU.ActiveCfg = Release|Any CPU
		{8389157A-A4CF-4068-9C92-CEC89C64F3E6}.Release|Any CPU.Build.0 = Release|Any CPU
		{8389157A-A4CF-4068-9C92-CEC89C64F3E6}.Release|ARM.ActiveCfg = Release|Any CPU
		{8389157A-A4CF-4068-9C92-CEC89C64F3E6}.Release|ARM.Build.0 = Release|Any CPU
		{8389157A-A4CF-4068-9C92-CEC89C64F3E6}.Release|ARM64.ActiveCfg = Release|Any CPU
		{8389157A-A4CF-4068-9C92-CEC89C64F3E6}.Release|ARM64.Build.0 = Release|Any CPU
		{8389157A-A4CF-4068-9C92-CEC89C64F3E6}.Release|x64.ActiveCfg = Release|Any CPU
		{8389157A-A4CF-4068-9C92-CEC89C64F3E6}.Release|x64.Build.0 = Release|Any CPU
		{8389157A-A4CF-4068-9C92-CEC89C64F3E6}.Release|x86.ActiveCfg = Release|Any CPU
		{8389157A-A4CF-4068-9C92-CEC89C64F3E6}.Release|x86.Build.0 = Release|Any CPU
		{DFA5387D-C993-45FC-923A-DEA19852B36B}.Debug|Any CPU.ActiveCfg = Debug|Any CPU
		{DFA5387D-C993-45FC-923A-DEA19852B36B}.Debug|Any CPU.Build.0 = Debug|Any CPU
		{DFA5387D-C993-45FC-923A-DEA19852B36B}.Debug|ARM.ActiveCfg = Debug|Any CPU
		{DFA5387D-C993-45FC-923A-DEA19852B36B}.Debug|ARM.Build.0 = Debug|Any CPU
		{DFA5387D-C993-45FC-923A-DEA19852B36B}.Debug|ARM64.ActiveCfg = Debug|Any CPU
		{DFA5387D-C993-45FC-923A-DEA19852B36B}.Debug|ARM64.Build.0 = Debug|Any CPU
		{DFA5387D-C993-45FC-923A-DEA19852B36B}.Debug|x64.ActiveCfg = Debug|Any CPU
		{DFA5387D-C993-45FC-923A-DEA19852B36B}.Debug|x64.Build.0 = Debug|Any CPU
		{DFA5387D-C993-45FC-923A-DEA19852B36B}.Debug|x86.ActiveCfg = Debug|Any CPU
		{DFA5387D-C993-45FC-923A-DEA19852B36B}.Debug|x86.Build.0 = Debug|Any CPU
		{DFA5387D-C993-45FC-923A-DEA19852B36B}.Release|Any CPU.ActiveCfg = Release|Any CPU
		{DFA5387D-C993-45FC-923A-DEA19852B36B}.Release|Any CPU.Build.0 = Release|Any CPU
		{DFA5387D-C993-45FC-923A-DEA19852B36B}.Release|ARM.ActiveCfg = Release|Any CPU
		{DFA5387D-C993-45FC-923A-DEA19852B36B}.Release|ARM.Build.0 = Release|Any CPU
		{DFA5387D-C993-45FC-923A-DEA19852B36B}.Release|ARM64.ActiveCfg = Release|Any CPU
		{DFA5387D-C993-45FC-923A-DEA19852B36B}.Release|ARM64.Build.0 = Release|Any CPU
		{DFA5387D-C993-45FC-923A-DEA19852B36B}.Release|x64.ActiveCfg = Release|Any CPU
		{DFA5387D-C993-45FC-923A-DEA19852B36B}.Release|x64.Build.0 = Release|Any CPU
		{DFA5387D-C993-45FC-923A-DEA19852B36B}.Release|x86.ActiveCfg = Release|Any CPU
		{DFA5387D-C993-45FC-923A-DEA19852B36B}.Release|x86.Build.0 = Release|Any CPU
		{80CB5DAB-D416-4001-898E-179CC92E63A3}.Debug|Any CPU.ActiveCfg = Debug|Any CPU
		{80CB5DAB-D416-4001-898E-179CC92E63A3}.Debug|Any CPU.Build.0 = Debug|Any CPU
		{80CB5DAB-D416-4001-898E-179CC92E63A3}.Debug|ARM.ActiveCfg = Debug|Any CPU
		{80CB5DAB-D416-4001-898E-179CC92E63A3}.Debug|ARM.Build.0 = Debug|Any CPU
		{80CB5DAB-D416-4001-898E-179CC92E63A3}.Debug|ARM64.ActiveCfg = Debug|Any CPU
		{80CB5DAB-D416-4001-898E-179CC92E63A3}.Debug|ARM64.Build.0 = Debug|Any CPU
		{80CB5DAB-D416-4001-898E-179CC92E63A3}.Debug|x64.ActiveCfg = Debug|Any CPU
		{80CB5DAB-D416-4001-898E-179CC92E63A3}.Debug|x64.Build.0 = Debug|Any CPU
		{80CB5DAB-D416-4001-898E-179CC92E63A3}.Debug|x86.ActiveCfg = Debug|Any CPU
		{80CB5DAB-D416-4001-898E-179CC92E63A3}.Debug|x86.Build.0 = Debug|Any CPU
		{80CB5DAB-D416-4001-898E-179CC92E63A3}.Release|Any CPU.ActiveCfg = Release|Any CPU
		{80CB5DAB-D416-4001-898E-179CC92E63A3}.Release|Any CPU.Build.0 = Release|Any CPU
		{80CB5DAB-D416-4001-898E-179CC92E63A3}.Release|ARM.ActiveCfg = Release|Any CPU
		{80CB5DAB-D416-4001-898E-179CC92E63A3}.Release|ARM.Build.0 = Release|Any CPU
		{80CB5DAB-D416-4001-898E-179CC92E63A3}.Release|ARM64.ActiveCfg = Release|Any CPU
		{80CB5DAB-D416-4001-898E-179CC92E63A3}.Release|ARM64.Build.0 = Release|Any CPU
		{80CB5DAB-D416-4001-898E-179CC92E63A3}.Release|x64.ActiveCfg = Release|Any CPU
		{80CB5DAB-D416-4001-898E-179CC92E63A3}.Release|x64.Build.0 = Release|Any CPU
		{80CB5DAB-D416-4001-898E-179CC92E63A3}.Release|x86.ActiveCfg = Release|Any CPU
		{80CB5DAB-D416-4001-898E-179CC92E63A3}.Release|x86.Build.0 = Release|Any CPU
	EndGlobalSection
	GlobalSection(SolutionProperties) = preSolution
		HideSolutionNode = FALSE
	EndGlobalSection
	GlobalSection(NestedProjects) = preSolution
		{A337EE1A-D9BC-40B6-9A9A-05A9179A0E27} = {B74D53A0-6E41-413A-B4E4-C84B88BACB79}
		{6E5C4F56-76AE-4C53-BFE5-90EC22DA045D} = {B74D53A0-6E41-413A-B4E4-C84B88BACB79}
		{F5E54360-D790-4077-BD63-201E1F704F26} = {B74D53A0-6E41-413A-B4E4-C84B88BACB79}
		{B74D53A0-6E41-413A-B4E4-C84B88BACB79} = {134A30A6-BC05-4B6D-8FAF-1E2AED29BD62}
		{CBCAA36B-0200-45F7-8FB5-04E9640FF658} = {134A30A6-BC05-4B6D-8FAF-1E2AED29BD62}
		{1886C692-5F43-4ED9-8386-C8CFBB2CC90B} = {CBCAA36B-0200-45F7-8FB5-04E9640FF658}
		{8389157A-A4CF-4068-9C92-CEC89C64F3E6} = {B74D53A0-6E41-413A-B4E4-C84B88BACB79}
		{DFA5387D-C993-45FC-923A-DEA19852B36B} = {7B314DF5-1B6B-4CB4-B769-1F76650C2CC9}
		{80CB5DAB-D416-4001-898E-179CC92E63A3} = {7B314DF5-1B6B-4CB4-B769-1F76650C2CC9}
	EndGlobalSection
	GlobalSection(ExtensibilityGlobals) = postSolution
		SolutionGuid = {7A16E363-FF53-4881-95D0-9F88099F888A}
	EndGlobalSection
EndGlobal
